
Microsoft Visual Studio Solution File, Format Version 12.00
Project("{FAE04EC0-301F-11D3-BF4B-00C04F79EFBC}") = "MtgCustomCardsApp0.2", "MtgCustomCardsApp0.2.csproj", "{514F4E3D-5C1D-4B02-8A74-EA0A8D5FD7F5}"
EndProject
Global
	GlobalSection(SolutionConfigurationPlatforms) = preSolution
		Debug|Any CPU = Debug|Any CPU
		Release|Any CPU = Release|Any CPU
	EndGlobalSection
	GlobalSection(ProjectConfigurationPlatforms) = postSolution
		{514F4E3D-5C1D-4B02-8A74-EA0A8D5FD7F5}.Debug|Any CPU.ActiveCfg = Debug|Any CPU
		{514F4E3D-5C1D-4B02-8A74-EA0A8D5FD7F5}.Debug|Any CPU.Build.0 = Debug|Any CPU
		{514F4E3D-5C1D-4B02-8A74-EA0A8D5FD7F5}.Release|Any CPU.ActiveCfg = Release|Any CPU
		{514F4E3D-5C1D-4B02-8A74-EA0A8D5FD7F5}.Release|Any CPU.Build.0 = Release|Any CPU
	EndGlobalSection
EndGlobal
