
Microsoft Visual Studio Solution File, Format Version 12.00
Project("{FAE04EC0-301F-11D3-BF4B-00C04F79EFBC}") = "MtgTests", "MtgTests\MtgTests.csproj", "{D3A4DCEE-DBA3-4786-B8CC-E2A26FEF06C9}"
EndProject
Project("{FAE04EC0-301F-11D3-BF4B-00C04F79EFBC}") = "MtgCustomCardsApp0.2", "MtgCustomCardsApp0.2\MtgCustomCardsApp0.2.csproj", "{8E951B69-41AF-46C5-98A1-5499402F3869}"
EndProject
Global
	GlobalSection(SolutionConfigurationPlatforms) = preSolution
		Debug|Any CPU = Debug|Any CPU
		Release|Any CPU = Release|Any CPU
	EndGlobalSection
	GlobalSection(ProjectConfigurationPlatforms) = postSolution
		{D3A4DCEE-DBA3-4786-B8CC-E2A26FEF06C9}.Debug|Any CPU.ActiveCfg = Debug|Any CPU
		{D3A4DCEE-DBA3-4786-B8CC-E2A26FEF06C9}.Debug|Any CPU.Build.0 = Debug|Any CPU
		{D3A4DCEE-DBA3-4786-B8CC-E2A26FEF06C9}.Release|Any CPU.ActiveCfg = Release|Any CPU
		{D3A4DCEE-DBA3-4786-B8CC-E2A26FEF06C9}.Release|Any CPU.Build.0 = Release|Any CPU
		{8E951B69-41AF-46C5-98A1-5499402F3869}.Debug|Any CPU.ActiveCfg = Debug|Any CPU
		{8E951B69-41AF-46C5-98A1-5499402F3869}.Debug|Any CPU.Build.0 = Debug|Any CPU
		{8E951B69-41AF-46C5-98A1-5499402F3869}.Release|Any CPU.ActiveCfg = Release|Any CPU
		{8E951B69-41AF-46C5-98A1-5499402F3869}.Release|Any CPU.Build.0 = Release|Any CPU
	EndGlobalSection
EndGlobal
